
Microsoft Visual Studio Solution File, Format Version 12.00
# Visual Studio Version 17
VisualStudioVersion = 17.5.002.0
MinimumVisualStudioVersion = 10.0.40219.1
Project("{2150E333-8FDC-42A3-9474-1A3956D46DE8}") = "PT_EDII_POS_Server", "PT_EDII_POS_Server", "{9FA9CD14-25C8-4D5C-ACEE-83D89885FA47}"
EndProject
Project("{9A19103F-16F7-4668-BE54-9A1E7A4F7556}") = "PT_EDII_POS.API", "PT_EDII_POS_Server\PT_EDII_POS.API\PT_EDII_POS.API.csproj", "{E54BB509-312B-40E1-AA7E-AAD574BF134D}"
EndProject
Project("{9A19103F-16F7-4668-BE54-9A1E7A4F7556}") = "PT_EDII_POS.Domain", "PT_EDII_POS_Server\PT_EDII_POS.Domain\PT_EDII_POS.Domain.csproj", "{467758B5-982C-4C43-951A-8EEAD868E325}"
EndProject
Project("{9A19103F-16F7-4668-BE54-9A1E7A4F7556}") = "PT_EDII_POS.Application", "PT_EDII_POS_Server\PT_EDII_POS.Application\PT_EDII_POS.Application.csproj", "{749A6CAB-38B2-498A-B8CC-6A770AF7B2B5}"
EndProject
Project("{9A19103F-16F7-4668-BE54-9A1E7A4F7556}") = "PT_EDII_POS.Infrastructure", "PT_EDII_POS_Server\PT_EDII_POS.Infrastructure\PT_EDII_POS.Infrastructure.csproj", "{54A05A7C-1DAD-44B2-860C-DF02B150B617}"
EndProject
Project("{2150E333-8FDC-42A3-9474-1A3956D46DE8}") = "PT_EDII_POS_CLient", "PT_EDII_POS_CLient", "{7E462BBD-4D2C-4503-8FAA-6747F2328014}"
EndProject
Project("{9A19103F-16F7-4668-BE54-9A1E7A4F7556}") = "PT_EDII_POS.WebAssembly", "PT_EDII_POS_CLient\PT_EDII_POS.WebAssembly\PT_EDII_POS.WebAssembly.csproj", "{86DF939F-07CF-4597-92F3-6B1B2AFC8342}"
EndProject
Global
	GlobalSection(SolutionConfigurationPlatforms) = preSolution
		Debug|Any CPU = Debug|Any CPU
		Release|Any CPU = Release|Any CPU
	EndGlobalSection
	GlobalSection(ProjectConfigurationPlatforms) = postSolution
		{E54BB509-312B-40E1-AA7E-AAD574BF134D}.Debug|Any CPU.ActiveCfg = Debug|Any CPU
		{E54BB509-312B-40E1-AA7E-AAD574BF134D}.Debug|Any CPU.Build.0 = Debug|Any CPU
		{E54BB509-312B-40E1-AA7E-AAD574BF134D}.Release|Any CPU.ActiveCfg = Release|Any CPU
		{E54BB509-312B-40E1-AA7E-AAD574BF134D}.Release|Any CPU.Build.0 = Release|Any CPU
		{467758B5-982C-4C43-951A-8EEAD868E325}.Debug|Any CPU.ActiveCfg = Debug|Any CPU
		{467758B5-982C-4C43-951A-8EEAD868E325}.Debug|Any CPU.Build.0 = Debug|Any CPU
		{467758B5-982C-4C43-951A-8EEAD868E325}.Release|Any CPU.ActiveCfg = Release|Any CPU
		{467758B5-982C-4C43-951A-8EEAD868E325}.Release|Any CPU.Build.0 = Release|Any CPU
		{749A6CAB-38B2-498A-B8CC-6A770AF7B2B5}.Debug|Any CPU.ActiveCfg = Debug|Any CPU
		{749A6CAB-38B2-498A-B8CC-6A770AF7B2B5}.Debug|Any CPU.Build.0 = Debug|Any CPU
		{749A6CAB-38B2-498A-B8CC-6A770AF7B2B5}.Release|Any CPU.ActiveCfg = Release|Any CPU
		{749A6CAB-38B2-498A-B8CC-6A770AF7B2B5}.Release|Any CPU.Build.0 = Release|Any CPU
		{54A05A7C-1DAD-44B2-860C-DF02B150B617}.Debug|Any CPU.ActiveCfg = Debug|Any CPU
		{54A05A7C-1DAD-44B2-860C-DF02B150B617}.Debug|Any CPU.Build.0 = Debug|Any CPU
		{54A05A7C-1DAD-44B2-860C-DF02B150B617}.Release|Any CPU.ActiveCfg = Release|Any CPU
		{54A05A7C-1DAD-44B2-860C-DF02B150B617}.Release|Any CPU.Build.0 = Release|Any CPU
		{86DF939F-07CF-4597-92F3-6B1B2AFC8342}.Debug|Any CPU.ActiveCfg = Debug|Any CPU
		{86DF939F-07CF-4597-92F3-6B1B2AFC8342}.Debug|Any CPU.Build.0 = Debug|Any CPU
		{86DF939F-07CF-4597-92F3-6B1B2AFC8342}.Release|Any CPU.ActiveCfg = Release|Any CPU
		{86DF939F-07CF-4597-92F3-6B1B2AFC8342}.Release|Any CPU.Build.0 = Release|Any CPU
	EndGlobalSection
	GlobalSection(SolutionProperties) = preSolution
		HideSolutionNode = FALSE
	EndGlobalSection
	GlobalSection(NestedProjects) = preSolution
		{E54BB509-312B-40E1-AA7E-AAD574BF134D} = {9FA9CD14-25C8-4D5C-ACEE-83D89885FA47}
		{467758B5-982C-4C43-951A-8EEAD868E325} = {9FA9CD14-25C8-4D5C-ACEE-83D89885FA47}
		{749A6CAB-38B2-498A-B8CC-6A770AF7B2B5} = {9FA9CD14-25C8-4D5C-ACEE-83D89885FA47}
		{54A05A7C-1DAD-44B2-860C-DF02B150B617} = {9FA9CD14-25C8-4D5C-ACEE-83D89885FA47}
		{86DF939F-07CF-4597-92F3-6B1B2AFC8342} = {7E462BBD-4D2C-4503-8FAA-6747F2328014}
	EndGlobalSection
	GlobalSection(ExtensibilityGlobals) = postSolution
		SolutionGuid = {675FA598-7048-4822-B573-45837F91508A}
	EndGlobalSection
EndGlobal
